// !$*UTF8*$!
{
	archiveVersion = 1;
	classes = {
	};
	objectVersion = 50;
	objects = {

/* Begin PBXBuildFile section */
		856D408426187165003B975A /* NetworkManager.swift in Sources */ = {isa = PBXBuildFile; fileRef = 856D408326187165003B975A /* NetworkManager.swift */; };
		856D408826187467003B975A /* CharacterToView.swift in Sources */ = {isa = PBXBuildFile; fileRef = 856D408726187467003B975A /* CharacterToView.swift */; };
		858E11C726163D0200CA1682 /* AppDelegate.swift in Sources */ = {isa = PBXBuildFile; fileRef = 858E11C626163D0200CA1682 /* AppDelegate.swift */; };
		858E11C926163D0200CA1682 /* SceneDelegate.swift in Sources */ = {isa = PBXBuildFile; fileRef = 858E11C826163D0200CA1682 /* SceneDelegate.swift */; };
		858E11CB26163D0200CA1682 /* ViewController.swift in Sources */ = {isa = PBXBuildFile; fileRef = 858E11CA26163D0200CA1682 /* ViewController.swift */; };
		858E11D026163D0600CA1682 /* Assets.xcassets in Resources */ = {isa = PBXBuildFile; fileRef = 858E11CF26163D0600CA1682 /* Assets.xcassets */; };
		858E11D326163D0600CA1682 /* LaunchScreen.storyboard in Resources */ = {isa = PBXBuildFile; fileRef = 858E11D126163D0600CA1682 /* LaunchScreen.storyboard */; };
		858E11DD261641C700CA1682 /* Character.swift in Sources */ = {isa = PBXBuildFile; fileRef = 858E11DC261641C700CA1682 /* Character.swift */; };
/* End PBXBuildFile section */

/* Begin PBXFileReference section */
		856D408326187165003B975A /* NetworkManager.swift */ = {isa = PBXFileReference; lastKnownFileType = sourcecode.swift; path = NetworkManager.swift; sourceTree = "<group>"; };
		856D408726187467003B975A /* CharacterToView.swift */ = {isa = PBXFileReference; lastKnownFileType = sourcecode.swift; path = CharacterToView.swift; sourceTree = "<group>"; };
		858E11C326163D0100CA1682 /* SimpsonApi.app */ = {isa = PBXFileReference; explicitFileType = wrapper.application; includeInIndex = 0; path = SimpsonApi.app; sourceTree = BUILT_PRODUCTS_DIR; };
		858E11C626163D0200CA1682 /* AppDelegate.swift */ = {isa = PBXFileReference; lastKnownFileType = sourcecode.swift; path = AppDelegate.swift; sourceTree = "<group>"; };
		858E11C826163D0200CA1682 /* SceneDelegate.swift */ = {isa = PBXFileReference; lastKnownFileType = sourcecode.swift; path = SceneDelegate.swift; sourceTree = "<group>"; };
		858E11CA26163D0200CA1682 /* ViewController.swift */ = {isa = PBXFileReference; lastKnownFileType = sourcecode.swift; path = ViewController.swift; sourceTree = "<group>"; };
		858E11CF26163D0600CA1682 /* Assets.xcassets */ = {isa = PBXFileReference; lastKnownFileType = folder.assetcatalog; path = Assets.xcassets; sourceTree = "<group>"; };
		858E11D226163D0600CA1682 /* Base */ = {isa = PBXFileReference; lastKnownFileType = file.storyboard; name = Base; path = Base.lproj/LaunchScreen.storyboard; sourceTree = "<group>"; };
		858E11D426163D0600CA1682 /* Info.plist */ = {isa = PBXFileReference; lastKnownFileType = text.plist.xml; path = Info.plist; sourceTree = "<group>"; };
		858E11DC261641C700CA1682 /* Character.swift */ = {isa = PBXFileReference; lastKnownFileType = sourcecode.swift; path = Character.swift; sourceTree = "<group>"; };
/* End PBXFileReference section */

/* Begin PBXFrameworksBuildPhase section */
		858E11C026163D0100CA1682 /* Frameworks */ = {
			isa = PBXFrameworksBuildPhase;
			buildActionMask = 2147483647;
			files = (
			);
			runOnlyForDeploymentPostprocessing = 0;
		};
/* End PBXFrameworksBuildPhase section */

/* Begin PBXGroup section */
		858E11BA26163D0100CA1682 = {
			isa = PBXGroup;
			children = (
				858E11C526163D0100CA1682 /* SimpsonApi */,
				858E11C426163D0100CA1682 /* Products */,
			);
			sourceTree = "<group>";
		};
		858E11C426163D0100CA1682 /* Products */ = {
			isa = PBXGroup;
			children = (
				858E11C326163D0100CA1682 /* SimpsonApi.app */,
			);
			name = Products;
			sourceTree = "<group>";
		};
		858E11C526163D0100CA1682 /* SimpsonApi */ = {
			isa = PBXGroup;
			children = (
				858E11C626163D0200CA1682 /* AppDelegate.swift */,
				858E11C826163D0200CA1682 /* SceneDelegate.swift */,
				858E11CA26163D0200CA1682 /* ViewController.swift */,
				856D408326187165003B975A /* NetworkManager.swift */,
				858E11DC261641C700CA1682 /* Character.swift */,
				856D408726187467003B975A /* CharacterToView.swift */,
				858E11CF26163D0600CA1682 /* Assets.xcassets */,
				858E11D126163D0600CA1682 /* LaunchScreen.storyboard */,
				858E11D426163D0600CA1682 /* Info.plist */,
			);
			path = SimpsonApi;
			sourceTree = "<group>";
		};
/* End PBXGroup section */

/* Begin PBXNativeTarget section */
		858E11C226163D0100CA1682 /* SimpsonApi */ = {
			isa = PBXNativeTarget;
			buildConfigurationList = 858E11D726163D0600CA1682 /* Build configuration list for PBXNativeTarget "SimpsonApi" */;
			buildPhases = (
				858E11BF26163D0100CA1682 /* Sources */,
				858E11C026163D0100CA1682 /* Frameworks */,
				858E11C126163D0100CA1682 /* Resources */,
			);
			buildRules = (
			);
			dependencies = (
			);
			name = SimpsonApi;
			productName = SimpsonApi;
			productReference = 858E11C326163D0100CA1682 /* SimpsonApi.app */;
			productType = "com.apple.product-type.application";
		};
/* End PBXNativeTarget section */

/* Begin PBXProject section */
		858E11BB26163D0100CA1682 /* Project object */ = {
			isa = PBXProject;
			attributes = {
				LastSwiftUpdateCheck = 1240;
				LastUpgradeCheck = 1240;
				TargetAttributes = {
					858E11C226163D0100CA1682 = {
						CreatedOnToolsVersion = 12.4;
					};
				};
			};
			buildConfigurationList = 858E11BE26163D0100CA1682 /* Build configuration list for PBXProject "SimpsonApi" */;
			compatibilityVersion = "Xcode 9.3";
			developmentRegion = en;
			hasScannedForEncodings = 0;
			knownRegions = (
				en,
				Base,
			);
			mainGroup = 858E11BA26163D0100CA1682;
			productRefGroup = 858E11C426163D0100CA1682 /* Products */;
			projectDirPath = "";
			projectRoot = "";
			targets = (
				858E11C226163D0100CA1682 /* SimpsonApi */,
			);
		};
/* End PBXProject section */

/* Begin PBXResourcesBuildPhase section */
		858E11C126163D0100CA1682 /* Resources */ = {
			isa = PBXResourcesBuildPhase;
			buildActionMask = 2147483647;
			files = (
				858E11D326163D0600CA1682 /* LaunchScreen.storyboard in Resources */,
				858E11D026163D0600CA1682 /* Assets.xcassets in Resources */,
			);
			runOnlyForDeploymentPostprocessing = 0;
		};
/* End PBXResourcesBuildPhase section */

/* Begin PBXSourcesBuildPhase section */
		858E11BF26163D0100CA1682 /* Sources */ = {
			isa = PBXSourcesBuildPhase;
			buildActionMask = 2147483647;
			files = (
				856D408426187165003B975A /* NetworkManager.swift in Sources */,
				858E11CB26163D0200CA1682 /* ViewController.swift in Sources */,
				858E11C726163D0200CA1682 /* AppDelegate.swift in Sources */,
				856D408826187467003B975A /* CharacterToView.swift in Sources */,
				858E11C926163D0200CA1682 /* SceneDelegate.swift in Sources */,
				858E11DD261641C700CA1682 /* Character.swift in Sources */,
			);
			runOnlyForDeploymentPostprocessing = 0;
		};
/* End PBXSourcesBuildPhase section */

/* Begin PBXVariantGroup section */
		858E11D126163D0600CA1682 /* LaunchScreen.storyboard */ = {
			isa = PBXVariantGroup;
			children = (
				858E11D226163D0600CA1682 /* Base */,
			);
			name = LaunchScreen.storyboard;
			sourceTree = "<group>";
		};
/* End PBXVariantGroup section */

/* Begin XCBuildConfiguration section */
		858E11D526163D0600CA1682 /* Debug */ = {
			isa = XCBuildConfiguration;
			buildSettings = {
				ALWAYS_SEARCH_USER_PATHS = NO;
				CLANG_ANALYZER_NONNULL = YES;
				CLANG_ANALYZER_NUMBER_OBJECT_CONVERSION = YES_AGGRESSIVE;
				CLANG_CXX_LANGUAGE_STANDARD = "gnu++14";
				CLANG_CXX_LIBRARY = "libc++";
				CLANG_ENABLE_MODULES = YES;
				CLANG_ENABLE_OBJC_ARC = YES;
				CLANG_ENABLE_OBJC_WEAK = YES;
				CLANG_WARN_BLOCK_CAPTURE_AUTORELEASING = YES;
				CLANG_WARN_BOOL_CONVERSION = YES;
				CLANG_WARN_COMMA = YES;
				CLANG_WARN_CONSTANT_CONVERSION = YES;
				CLANG_WARN_DEPRECATED_OBJC_IMPLEMENTATIONS = YES;
				CLANG_WARN_DIRECT_OBJC_ISA_USAGE = YES_ERROR;
				CLANG_WARN_DOCUMENTATION_COMMENTS = YES;
				CLANG_WARN_EMPTY_BODY = YES;
				CLANG_WARN_ENUM_CONVERSION = YES;
				CLANG_WARN_INFINITE_RECURSION = YES;
				CLANG_WARN_INT_CONVERSION = YES;
				CLANG_WARN_NON_LITERAL_NULL_CONVERSION = YES;
				CLANG_WARN_OBJC_IMPLICIT_RETAIN_SELF = YES;
				CLANG_WARN_OBJC_LITERAL_CONVERSION = YES;
				CLANG_WARN_OBJC_ROOT_CLASS = YES_ERROR;
				CLANG_WARN_QUOTED_INCLUDE_IN_FRAMEWORK_HEADER = YES;
				CLANG_WARN_RANGE_LOOP_ANALYSIS = YES;
				CLANG_WARN_STRICT_PROTOTYPES = YES;
				CLANG_WARN_SUSPICIOUS_MOVE = YES;
				CLANG_WARN_UNGUARDED_AVAILABILITY = YES_AGGRESSIVE;
				CLANG_WARN_UNREACHABLE_CODE = YES;
				CLANG_WARN__DUPLICATE_METHOD_MATCH = YES;
				COPY_PHASE_STRIP = NO;
				DEBUG_INFORMATION_FORMAT = dwarf;
				ENABLE_STRICT_OBJC_MSGSEND = YES;
				ENABLE_TESTABILITY = YES;
				GCC_C_LANGUAGE_STANDARD = gnu11;
				GCC_DYNAMIC_NO_PIC = NO;
				GCC_NO_COMMON_BLOCKS = YES;
				GCC_OPTIMIZATION_LEVEL = 0;
				GCC_PREPROCESSOR_DEFINITIONS = (
					"DEBUG=1",
					"$(inherited)",
				);
				GCC_WARN_64_TO_32_BIT_CONVERSION = YES;
				GCC_WARN_ABOUT_RETURN_TYPE = YES_ERROR;
				GCC_WARN_UNDECLARED_SELECTOR = YES;
				GCC_WARN_UNINITIALIZED_AUTOS = YES_AGGRESSIVE;
				GCC_WARN_UNUSED_FUNCTION = YES;
				GCC_WARN_UNUSED_VARIABLE = YES;
				IPHONEOS_DEPLOYMENT_TARGET = 14.4;
				MTL_ENABLE_DEBUG_INFO = INCLUDE_SOURCE;
				MTL_FAST_MATH = YES;
				ONLY_ACTIVE_ARCH = YES;
				SDKROOT = iphoneos;
				SWIFT_ACTIVE_COMPILATION_CONDITIONS = DEBUG;
				SWIFT_OPTIMIZATION_LEVEL = "-Onone";
			};
			name = Debug;
		};
		858E11D626163D0600CA1682 /* Release */ = {
			isa = XCBuildConfiguration;
			buildSettings = {
				ALWAYS_SEARCH_USER_PATHS = NO;
				CLANG_ANALYZER_NONNULL = YES;
				CLANG_ANALYZER_NUMBER_OBJECT_CONVERSION = YES_AGGRESSIVE;
				CLANG_CXX_LANGUAGE_STANDARD = "gnu++14";
				CLANG_CXX_LIBRARY = "libc++";
				CLANG_ENABLE_MODULES = YES;
				CLANG_ENABLE_OBJC_ARC = YES;
				CLANG_ENABLE_OBJC_WEAK = YES;
				CLANG_WARN_BLOCK_CAPTURE_AUTORELEASING = YES;
				CLANG_WARN_BOOL_CONVERSION = YES;
				CLANG_WARN_COMMA = YES;
				CLANG_WARN_CONSTANT_CONVERSION = YES;
				CLANG_WARN_DEPRECATED_OBJC_IMPLEMENTATIONS = YES;
				CLANG_WARN_DIRECT_OBJC_ISA_USAGE = YES_ERROR;
				CLANG_WARN_DOCUMENTATION_COMMENTS = YES;
				CLANG_WARN_EMPTY_BODY = YES;
				CLANG_WARN_ENUM_CONVERSION = YES;
				CLANG_WARN_INFINITE_RECURSION = YES;
				CLANG_WARN_INT_CONVERSION = YES;
				CLANG_WARN_NON_LITERAL_NULL_CONVERSION = YES;
				CLANG_WARN_OBJC_IMPLICIT_RETAIN_SELF = YES;
				CLANG_WARN_OBJC_LITERAL_CONVERSION = YES;
				CLANG_WARN_OBJC_ROOT_CLASS = YES_ERROR;
				CLANG_WARN_QUOTED_INCLUDE_IN_FRAMEWORK_HEADER = YES;
				CLANG_WARN_RANGE_LOOP_ANALYSIS = YES;
				CLANG_WARN_STRICT_PROTOTYPES = YES;
				CLANG_WARN_SUSPICIOUS_MOVE = YES;
				CLANG_WARN_UNGUARDED_AVAILABILITY = YES_AGGRESSIVE;
				CLANG_WARN_UNREACHABLE_CODE = YES;
				CLANG_WARN__DUPLICATE_METHOD_MATCH = YES;
				COPY_PHASE_STRIP = NO;
				DEBUG_INFORMATION_FORMAT = "dwarf-with-dsym";
				ENABLE_NS_ASSERTIONS = NO;
				ENABLE_STRICT_OBJC_MSGSEND = YES;
				GCC_C_LANGUAGE_STANDARD = gnu11;
				GCC_NO_COMMON_BLOCKS = YES;
				GCC_WARN_64_TO_32_BIT_CONVERSION = YES;
				GCC_WARN_ABOUT_RETURN_TYPE = YES_ERROR;
				GCC_WARN_UNDECLARED_SELECTOR = YES;
				GCC_WARN_UNINITIALIZED_AUTOS = YES_AGGRESSIVE;
				GCC_WARN_UNUSED_FUNCTION = YES;
				GCC_WARN_UNUSED_VARIABLE = YES;
				IPHONEOS_DEPLOYMENT_TARGET = 14.4;
				MTL_ENABLE_DEBUG_INFO = NO;
				MTL_FAST_MATH = YES;
				SDKROOT = iphoneos;
				SWIFT_COMPILATION_MODE = wholemodule;
				SWIFT_OPTIMIZATION_LEVEL = "-O";
				VALIDATE_PRODUCT = YES;
			};
			name = Release;
		};
		858E11D826163D0600CA1682 /* Debug */ = {
			isa = XCBuildConfiguration;
			buildSettings = {
				ASSETCATALOG_COMPILER_APPICON_NAME = AppIcon;
				ASSETCATALOG_COMPILER_GLOBAL_ACCENT_COLOR_NAME = AccentColor;
				CODE_SIGN_STYLE = Automatic;
				DEVELOPMENT_TEAM = CPF5464MWY;
				INFOPLIST_FILE = SimpsonApi/Info.plist;
				LD_RUNPATH_SEARCH_PATHS = (
					"$(inherited)",
					"@executable_path/Frameworks",
				);
				PRODUCT_BUNDLE_IDENTIFIER = StudingProject.SimpsonApi;
				PRODUCT_NAME = "$(TARGET_NAME)";
				SWIFT_VERSION = 5.0;
				TARGETED_DEVICE_FAMILY = "1,2";
			};
			name = Debug;
		};
		858E11D926163D0600CA1682 /* Release */ = {
			isa = XCBuildConfiguration;
			buildSettings = {
				ASSETCATALOG_COMPILER_APPICON_NAME = AppIcon;
				ASSETCATALOG_COMPILER_GLOBAL_ACCENT_COLOR_NAME = AccentColor;
				CODE_SIGN_STYLE = Automatic;
				DEVELOPMENT_TEAM = CPF5464MWY;
				INFOPLIST_FILE = SimpsonApi/Info.plist;
				LD_RUNPATH_SEARCH_PATHS = (
					"$(inherited)",
					"@executable_path/Frameworks",
				);
				PRODUCT_BUNDLE_IDENTIFIER = StudingProject.SimpsonApi;
				PRODUCT_NAME = "$(TARGET_NAME)";
				SWIFT_VERSION = 5.0;
				TARGETED_DEVICE_FAMILY = "1,2";
			};
			name = Release;
		};
/* End XCBuildConfiguration section */

/* Begin XCConfigurationList section */
		858E11BE26163D0100CA1682 /* Build configuration list for PBXProject "SimpsonApi" */ = {
			isa = XCConfigurationList;
			buildConfigurations = (
				858E11D526163D0600CA1682 /* Debug */,
				858E11D626163D0600CA1682 /* Release */,
			);
			defaultConfigurationIsVisible = 0;
			defaultConfigurationName = Release;
		};
		858E11D726163D0600CA1682 /* Build configuration list for PBXNativeTarget "SimpsonApi" */ = {
			isa = XCConfigurationList;
			buildConfigurations = (
				858E11D826163D0600CA1682 /* Debug */,
				858E11D926163D0600CA1682 /* Release */,
			);
			defaultConfigurationIsVisible = 0;
			defaultConfigurationName = Release;
		};
/* End XCConfigurationList section */
	};
	rootObject = 858E11BB26163D0100CA1682 /* Project object */;
}
